
Microsoft Visual Studio Solution File, Format Version 11.00
# Visual Studio 2010
Project("{FAE04EC0-301F-11D3-BF4B-00C04F79EFBC}") = "Assembly-CSharp-firstpass", "Assembly-CSharp-firstpass.csproj", "{8bceb7fd-5c3f-8b88-c335-24b5723c9dd8}"
EndProject
Project("{FAE04EC0-301F-11D3-BF4B-00C04F79EFBC}") = "Assembly-CSharp", "Assembly-CSharp.csproj", "{ca111c65-86b2-4e61-3611-c65b1fa88522}"
EndProject
Project("{FAE04EC0-301F-11D3-BF4B-00C04F79EFBC}") = "Assembly-CSharp-Editor-firstpass", "Assembly-CSharp-Editor-firstpass.csproj", "{1c15f201-8097-1f58-c240-70a934382974}"
EndProject
Global
	GlobalSection(SolutionConfigurationPlatforms) = preSolution
		Debug|Any CPU = Debug|Any CPU
	EndGlobalSection
	GlobalSection(ProjectConfigurationPlatforms) = postSolution
		{8bceb7fd-5c3f-8b88-c335-24b5723c9dd8}.Debug|Any CPU.ActiveCfg = Debug|Any CPU
		{8bceb7fd-5c3f-8b88-c335-24b5723c9dd8}.Debug|Any CPU.Build.0 = Debug|Any CPU
		{ca111c65-86b2-4e61-3611-c65b1fa88522}.Debug|Any CPU.ActiveCfg = Debug|Any CPU
		{ca111c65-86b2-4e61-3611-c65b1fa88522}.Debug|Any CPU.Build.0 = Debug|Any CPU
		{1c15f201-8097-1f58-c240-70a934382974}.Debug|Any CPU.ActiveCfg = Debug|Any CPU
		{1c15f201-8097-1f58-c240-70a934382974}.Debug|Any CPU.Build.0 = Debug|Any CPU
	EndGlobalSection
	GlobalSection(SolutionProperties) = preSolution
		HideSolutionNode = FALSE
	EndGlobalSection
EndGlobal
